
Microsoft Visual Studio Solution File, Format Version 12.00
# Visual Studio Version 17
VisualStudioVersion = 17.4.33122.133
MinimumVisualStudioVersion = 10.0.40219.1
Project("{FAE04EC0-301F-11D3-BF4B-00C04F79EFBC}") = "SmartBuyBackend", "SmartBuyBackend\SmartBuyBackend.csproj", "{EFCF45D9-88A8-4944-B6F1-8CF8513AE4A2}"
EndProject
Global
	GlobalSection(SolutionConfigurationPlatforms) = preSolution
		Debug|Any CPU = Debug|Any CPU
		Release|Any CPU = Release|Any CPU
	EndGlobalSection
	GlobalSection(ProjectConfigurationPlatforms) = postSolution
		{EFCF45D9-88A8-4944-B6F1-8CF8513AE4A2}.Debug|Any CPU.ActiveCfg = Debug|Any CPU
		{EFCF45D9-88A8-4944-B6F1-8CF8513AE4A2}.Debug|Any CPU.Build.0 = Debug|Any CPU
		{EFCF45D9-88A8-4944-B6F1-8CF8513AE4A2}.Release|Any CPU.ActiveCfg = Release|Any CPU
		{EFCF45D9-88A8-4944-B6F1-8CF8513AE4A2}.Release|Any CPU.Build.0 = Release|Any CPU
	EndGlobalSection
	GlobalSection(SolutionProperties) = preSolution
		HideSolutionNode = FALSE
	EndGlobalSection
	GlobalSection(ExtensibilityGlobals) = postSolution
		SolutionGuid = {E06FD4B8-EA08-4B74-9887-0E136017CEFC}
	EndGlobalSection
EndGlobal
